PODS:
  - Flutter (1.0.0)
  - opencv_helper (0.0.1):
    - Flutter
  - path_provider (0.0.1):
    - Flutter

DEPENDENCIES:
  - Flutter (from `Flutter`)
  - opencv_helper (from `.symlinks/plugins/opencv_helper/ios`)
  - path_provider (from `.symlinks/plugins/path_provider/ios`)

EXTERNAL SOURCES:
  Flutter:
    :path: Flutter
  opencv_helper:
    :path: ".symlinks/plugins/opencv_helper/ios"
  path_provider:
    :path: ".symlinks/plugins/path_provider/ios"

SPEC CHECKSUMS:
  Flutter: 434fef37c0980e73bb6479ef766c45957d4b510c
  opencv_helper: 8890108accf45e9b9d4cc04261c7b1857d145cb8
  path_provider: abfe2b5c733d04e238b0d8691db0cfd63a27a93c

PODFILE CHECKSUM: 16d40d9ad6f619a0913f669babef0111da788759

COCOAPODS: 1.10.1
